<?xml version="1.0" encoding="utf-8"?>
<Project ToolsVersion="4.0" xmlns="http://schemas.microsoft.com/developer/msbuild/2003">
  <ItemGroup>
    <ClCompile Include="Algorithms\BinarySpacePartition.cpp" />
    <ClCompile Include="Algorithms\CellularAutomata.cpp" />
    <ClCompile Include="Algorithms\Perlin.cpp" />
    <ClCompile Include="Application\App.cpp" />
    <ClCompile Include="Application\main.cpp" />
    <ClCompile Include="Application\window.cpp" />
    <ClCompile Include="Graphics\Camera.cpp" />
    <ClCompile Include="Graphics\EBO.cpp" />
    <ClCompile Include="Graphics\GraphicPipeline.cpp" />
    <ClCompile Include="Graphics\Shader.cpp" />
    <ClCompile Include="Graphics\VBO.cpp" />
    <ClCompile Include="Graphics\VAO.cpp" />
    <ClCompile Include="Graphics\Texture.cpp" />
    <ClCompile Include="Algorithms\Voxel.cpp" />
    <ClCompile Include="Imgui\ImguiHandler.cpp" />
    <ClCompile Include="Graphics\Mesh.cpp" />
    <ClCompile Include="Graphics\DrawShapes.cpp" />
    <ClCompile Include="Algorithms\RandomAlgo.cpp" />
  </ItemGroup>
  <ItemGroup>
    <ClInclude Include="Algorithms\BinarySpacePartition.h" />
    <ClInclude Include="Algorithms\CellularAutomata.h" />
    <ClInclude Include="Algorithms\Perlin.hpp" />
    <ClInclude Include="Application\App.h" />
    <ClInclude Include="Application\window.h" />
    <ClInclude Include="Graphics\Camera.h" />
    <ClInclude Include="Graphics\EBO.h" />
    <ClInclude Include="Graphics\Generator.h" />
    <ClInclude Include="Graphics\GraphicPipeline.h" />
    <ClInclude Include="Graphics\Shader.h" />
    <ClInclude Include="Graphics\VBO.h" />
    <ClInclude Include="Graphics\VAO.h" />
    <ClInclude Include="Graphics\Texture.h" />
    <ClInclude Include="Algorithms\Voxel.h" />
    <ClInclude Include="Imgui\ImguiHandler.h" />
    <ClInclude Include="Graphics\Mesh.h" />
    <ClInclude Include="Graphics\DrawShapes.h" />
    <ClInclude Include="Algorithms\RandomAlgo.h" />
  </ItemGroup>
  <ItemGroup>
    <None Include="Graphics\Shaders\genericFragmentShader.frag" />
    <None Include="Graphics\Shaders\genericVertexShader.vert" />
    <None Include="Graphics\Shaders\instancedFragmentShader.frag" />
    <None Include="Graphics\Shaders\instancedVertexShader.vert" />
  </ItemGroup>
</Project>